// !$*UTF8*$!
{
	archiveVersion = 1;
	classes = {
	};
	objectVersion = 56;
	objects = {

/* Begin PBXBuildFile section */
		5BB3AA812ABEC49D0098E60F /* TempBoxApp.swift in Sources */ = {isa = PBXBuildFile; fileRef = 5BB3AA802ABEC49D0098E60F /* TempBoxApp.swift */; };
		5BB3AA832ABEC49D0098E60F /* ContentView.swift in Sources */ = {isa = PBXBuildFile; fileRef = 5BB3AA822ABEC49D0098E60F /* ContentView.swift */; };
		5BB3AA852ABEC49E0098E60F /* Assets.xcassets in Resources */ = {isa = PBXBuildFile; fileRef = 5BB3AA842ABEC49E0098E60F /* Assets.xcassets */; };
		5BB3AA882ABEC49E0098E60F /* Preview Assets.xcassets in Resources */ = {isa = PBXBuildFile; fileRef = 5BB3AA872ABEC49E0098E60F /* Preview Assets.xcassets */; };
		5BB3AA922ABEC4BC0098E60F /* DataController.swift in Sources */ = {isa = PBXBuildFile; fileRef = 5BB3AA8F2ABEC4BC0098E60F /* DataController.swift */; };
		5BB3AA932ABEC4BC0098E60F /* TempBox.xcdatamodeld in Sources */ = {isa = PBXBuildFile; fileRef = 5BB3AA902ABEC4BC0098E60F /* TempBox.xcdatamodeld */; };
		5BB3AA952ABEC5310098E60F /* AppConfig.swift in Sources */ = {isa = PBXBuildFile; fileRef = 5BB3AA942ABEC5310098E60F /* AppConfig.swift */; };
		5BB3AA982ABEC5470098E60F /* AccountService.swift in Sources */ = {isa = PBXBuildFile; fileRef = 5BB3AA972ABEC5470098E60F /* AccountService.swift */; };
		5BB3AA9A2ABEC56F0098E60F /* ContentViewModel.swift in Sources */ = {isa = PBXBuildFile; fileRef = 5BB3AA992ABEC56F0098E60F /* ContentViewModel.swift */; };
		5BB3AAA02ABEC7960098E60F /* AddAddressView.swift in Sources */ = {isa = PBXBuildFile; fileRef = 5BB3AA9F2ABEC7960098E60F /* AddAddressView.swift */; };
		5BB3AAA22ABEC7A20098E60F /* AddAddressViewModel.swift in Sources */ = {isa = PBXBuildFile; fileRef = 5BB3AAA12ABEC7A20098E60F /* AddAddressViewModel.swift */; };
		5BB3AAA52ABEC8AA0098E60F /* MailTMSwift in Frameworks */ = {isa = PBXBuildFile; productRef = 5BB3AAA42ABEC8AA0098E60F /* MailTMSwift */; };
		5BB3AAA82ABECB930098E60F /* StringExtensions.swift in Sources */ = {isa = PBXBuildFile; fileRef = 5BB3AAA72ABECB930098E60F /* StringExtensions.swift */; };
/* End PBXBuildFile section */

/* Begin PBXFileReference section */
		5BB3AA7D2ABEC49D0098E60F /* TempBox.app */ = {isa = PBXFileReference; explicitFileType = wrapper.application; includeInIndex = 0; path = TempBox.app; sourceTree = BUILT_PRODUCTS_DIR; };
		5BB3AA802ABEC49D0098E60F /* TempBoxApp.swift */ = {isa = PBXFileReference; lastKnownFileType = sourcecode.swift; path = TempBoxApp.swift; sourceTree = "<group>"; };
		5BB3AA822ABEC49D0098E60F /* ContentView.swift */ = {isa = PBXFileReference; lastKnownFileType = sourcecode.swift; path = ContentView.swift; sourceTree = "<group>"; };
		5BB3AA842ABEC49E0098E60F /* Assets.xcassets */ = {isa = PBXFileReference; lastKnownFileType = folder.assetcatalog; path = Assets.xcassets; sourceTree = "<group>"; };
		5BB3AA872ABEC49E0098E60F /* Preview Assets.xcassets */ = {isa = PBXFileReference; lastKnownFileType = folder.assetcatalog; path = "Preview Assets.xcassets"; sourceTree = "<group>"; };
		5BB3AA8F2ABEC4BC0098E60F /* DataController.swift */ = {isa = PBXFileReference; fileEncoding = 4; lastKnownFileType = sourcecode.swift; path = DataController.swift; sourceTree = "<group>"; };
		5BB3AA912ABEC4BC0098E60F /* TempBox.xcdatamodel */ = {isa = PBXFileReference; lastKnownFileType = wrapper.xcdatamodel; path = TempBox.xcdatamodel; sourceTree = "<group>"; };
		5BB3AA942ABEC5310098E60F /* AppConfig.swift */ = {isa = PBXFileReference; fileEncoding = 4; lastKnownFileType = sourcecode.swift; path = AppConfig.swift; sourceTree = "<group>"; };
		5BB3AA972ABEC5470098E60F /* AccountService.swift */ = {isa = PBXFileReference; fileEncoding = 4; lastKnownFileType = sourcecode.swift; path = AccountService.swift; sourceTree = "<group>"; };
		5BB3AA992ABEC56F0098E60F /* ContentViewModel.swift */ = {isa = PBXFileReference; fileEncoding = 4; lastKnownFileType = sourcecode.swift; path = ContentViewModel.swift; sourceTree = "<group>"; };
		5BB3AA9F2ABEC7960098E60F /* AddAddressView.swift */ = {isa = PBXFileReference; lastKnownFileType = sourcecode.swift; path = AddAddressView.swift; sourceTree = "<group>"; };
		5BB3AAA12ABEC7A20098E60F /* AddAddressViewModel.swift */ = {isa = PBXFileReference; lastKnownFileType = sourcecode.swift; path = AddAddressViewModel.swift; sourceTree = "<group>"; };
		5BB3AAA72ABECB930098E60F /* StringExtensions.swift */ = {isa = PBXFileReference; lastKnownFileType = sourcecode.swift; path = StringExtensions.swift; sourceTree = "<group>"; };
/* End PBXFileReference section */

/* Begin PBXFrameworksBuildPhase section */
		5BB3AA7A2ABEC49D0098E60F /* Frameworks */ = {
			isa = PBXFrameworksBuildPhase;
			buildActionMask = 2147483647;
			files = (
				5BB3AAA52ABEC8AA0098E60F /* MailTMSwift in Frameworks */,
			);
			runOnlyForDeploymentPostprocessing = 0;
		};
/* End PBXFrameworksBuildPhase section */

/* Begin PBXGroup section */
		5BB3AA742ABEC49D0098E60F = {
			isa = PBXGroup;
			children = (
				5BB3AA7F2ABEC49D0098E60F /* TempBox */,
				5BB3AA7E2ABEC49D0098E60F /* Products */,
			);
			sourceTree = "<group>";
		};
		5BB3AA7E2ABEC49D0098E60F /* Products */ = {
			isa = PBXGroup;
			children = (
				5BB3AA7D2ABEC49D0098E60F /* TempBox.app */,
			);
			name = Products;
			sourceTree = "<group>";
		};
		5BB3AA7F2ABEC49D0098E60F /* TempBox */ = {
			isa = PBXGroup;
			children = (
				5BB3AA802ABEC49D0098E60F /* TempBoxApp.swift */,
				5BB3AA942ABEC5310098E60F /* AppConfig.swift */,
				5BB3AA9B2ABEC7670098E60F /* Views */,
				5BB3AA8E2ABEC4BC0098E60F /* Persistance */,
				5BB3AAA62ABECB840098E60F /* Extensions */,
				5BB3AA962ABEC5470098E60F /* Services */,
				5BB3AA842ABEC49E0098E60F /* Assets.xcassets */,
				5BB3AA862ABEC49E0098E60F /* Preview Content */,
			);
			path = TempBox;
			sourceTree = "<group>";
		};
		5BB3AA862ABEC49E0098E60F /* Preview Content */ = {
			isa = PBXGroup;
			children = (
				5BB3AA872ABEC49E0098E60F /* Preview Assets.xcassets */,
			);
			path = "Preview Content";
			sourceTree = "<group>";
		};
		5BB3AA8E2ABEC4BC0098E60F /* Persistance */ = {
			isa = PBXGroup;
			children = (
				5BB3AA8F2ABEC4BC0098E60F /* DataController.swift */,
				5BB3AA902ABEC4BC0098E60F /* TempBox.xcdatamodeld */,
			);
			path = Persistance;
			sourceTree = "<group>";
		};
		5BB3AA962ABEC5470098E60F /* Services */ = {
			isa = PBXGroup;
			children = (
				5BB3AA972ABEC5470098E60F /* AccountService.swift */,
			);
			path = Services;
			sourceTree = "<group>";
		};
		5BB3AA9B2ABEC7670098E60F /* Views */ = {
			isa = PBXGroup;
			children = (
				5BB3AA9E2ABEC7840098E60F /* AddAddressView */,
				5BB3AA9D2ABEC7780098E60F /* ContentView */,
			);
			path = Views;
			sourceTree = "<group>";
		};
		5BB3AA9D2ABEC7780098E60F /* ContentView */ = {
			isa = PBXGroup;
			children = (
				5BB3AA822ABEC49D0098E60F /* ContentView.swift */,
				5BB3AA992ABEC56F0098E60F /* ContentViewModel.swift */,
			);
			path = ContentView;
			sourceTree = "<group>";
		};
		5BB3AA9E2ABEC7840098E60F /* AddAddressView */ = {
			isa = PBXGroup;
			children = (
				5BB3AA9F2ABEC7960098E60F /* AddAddressView.swift */,
				5BB3AAA12ABEC7A20098E60F /* AddAddressViewModel.swift */,
			);
			path = AddAddressView;
			sourceTree = "<group>";
		};
		5BB3AAA62ABECB840098E60F /* Extensions */ = {
			isa = PBXGroup;
			children = (
				5BB3AAA72ABECB930098E60F /* StringExtensions.swift */,
			);
			path = Extensions;
			sourceTree = "<group>";
		};
/* End PBXGroup section */

/* Begin PBXNativeTarget section */
		5BB3AA7C2ABEC49D0098E60F /* TempBox */ = {
			isa = PBXNativeTarget;
			buildConfigurationList = 5BB3AA8B2ABEC49E0098E60F /* Build configuration list for PBXNativeTarget "TempBox" */;
			buildPhases = (
				5BB3AA792ABEC49D0098E60F /* Sources */,
				5BB3AA7A2ABEC49D0098E60F /* Frameworks */,
				5BB3AA7B2ABEC49D0098E60F /* Resources */,
			);
			buildRules = (
			);
			dependencies = (
			);
			name = TempBox;
			packageProductDependencies = (
				5BB3AAA42ABEC8AA0098E60F /* MailTMSwift */,
			);
			productName = TempBox;
			productReference = 5BB3AA7D2ABEC49D0098E60F /* TempBox.app */;
			productType = "com.apple.product-type.application";
		};
/* End PBXNativeTarget section */

/* Begin PBXProject section */
		5BB3AA752ABEC49D0098E60F /* Project object */ = {
			isa = PBXProject;
			attributes = {
				BuildIndependentTargetsInParallel = 1;
				LastSwiftUpdateCheck = 1430;
				LastUpgradeCheck = 1430;
				TargetAttributes = {
					5BB3AA7C2ABEC49D0098E60F = {
						CreatedOnToolsVersion = 14.3.1;
					};
				};
			};
			buildConfigurationList = 5BB3AA782ABEC49D0098E60F /* Build configuration list for PBXProject "TempBox" */;
			compatibilityVersion = "Xcode 14.0";
			developmentRegion = en;
			hasScannedForEncodings = 0;
			knownRegions = (
				en,
				Base,
			);
			mainGroup = 5BB3AA742ABEC49D0098E60F;
			packageReferences = (
				5BB3AAA32ABEC8AA0098E60F /* XCRemoteSwiftPackageReference "MailTMSwift" */,
			);
			productRefGroup = 5BB3AA7E2ABEC49D0098E60F /* Products */;
			projectDirPath = "";
			projectRoot = "";
			targets = (
				5BB3AA7C2ABEC49D0098E60F /* TempBox */,
			);
		};
/* End PBXProject section */

/* Begin PBXResourcesBuildPhase section */
		5BB3AA7B2ABEC49D0098E60F /* Resources */ = {
			isa = PBXResourcesBuildPhase;
			buildActionMask = 2147483647;
			files = (
				5BB3AA882ABEC49E0098E60F /* Preview Assets.xcassets in Resources */,
				5BB3AA852ABEC49E0098E60F /* Assets.xcassets in Resources */,
			);
			runOnlyForDeploymentPostprocessing = 0;
		};
/* End PBXResourcesBuildPhase section */

/* Begin PBXSourcesBuildPhase section */
		5BB3AA792ABEC49D0098E60F /* Sources */ = {
			isa = PBXSourcesBuildPhase;
			buildActionMask = 2147483647;
			files = (
				5BB3AA832ABEC49D0098E60F /* ContentView.swift in Sources */,
				5BB3AAA02ABEC7960098E60F /* AddAddressView.swift in Sources */,
				5BB3AAA82ABECB930098E60F /* StringExtensions.swift in Sources */,
				5BB3AAA22ABEC7A20098E60F /* AddAddressViewModel.swift in Sources */,
				5BB3AA952ABEC5310098E60F /* AppConfig.swift in Sources */,
				5BB3AA922ABEC4BC0098E60F /* DataController.swift in Sources */,
				5BB3AA982ABEC5470098E60F /* AccountService.swift in Sources */,
				5BB3AA812ABEC49D0098E60F /* TempBoxApp.swift in Sources */,
				5BB3AA932ABEC4BC0098E60F /* TempBox.xcdatamodeld in Sources */,
				5BB3AA9A2ABEC56F0098E60F /* ContentViewModel.swift in Sources */,
			);
			runOnlyForDeploymentPostprocessing = 0;
		};
/* End PBXSourcesBuildPhase section */

/* Begin XCBuildConfiguration section */
		5BB3AA892ABEC49E0098E60F /* Debug */ = {
			isa = XCBuildConfiguration;
			buildSettings = {
				ALWAYS_SEARCH_USER_PATHS = NO;
				CLANG_ANALYZER_NONNULL = YES;
				CLANG_ANALYZER_NUMBER_OBJECT_CONVERSION = YES_AGGRESSIVE;
				CLANG_CXX_LANGUAGE_STANDARD = "gnu++20";
				CLANG_ENABLE_MODULES = YES;
				CLANG_ENABLE_OBJC_ARC = YES;
				CLANG_ENABLE_OBJC_WEAK = YES;
				CLANG_WARN_BLOCK_CAPTURE_AUTORELEASING = YES;
				CLANG_WARN_BOOL_CONVERSION = YES;
				CLANG_WARN_COMMA = YES;
				CLANG_WARN_CONSTANT_CONVERSION = YES;
				CLANG_WARN_DEPRECATED_OBJC_IMPLEMENTATIONS = YES;
				CLANG_WARN_DIRECT_OBJC_ISA_USAGE = YES_ERROR;
				CLANG_WARN_DOCUMENTATION_COMMENTS = YES;
				CLANG_WARN_EMPTY_BODY = YES;
				CLANG_WARN_ENUM_CONVERSION = YES;
				CLANG_WARN_INFINITE_RECURSION = YES;
				CLANG_WARN_INT_CONVERSION = YES;
				CLANG_WARN_NON_LITERAL_NULL_CONVERSION = YES;
				CLANG_WARN_OBJC_IMPLICIT_RETAIN_SELF = YES;
				CLANG_WARN_OBJC_LITERAL_CONVERSION = YES;
				CLANG_WARN_OBJC_ROOT_CLASS = YES_ERROR;
				CLANG_WARN_QUOTED_INCLUDE_IN_FRAMEWORK_HEADER = YES;
				CLANG_WARN_RANGE_LOOP_ANALYSIS = YES;
				CLANG_WARN_STRICT_PROTOTYPES = YES;
				CLANG_WARN_SUSPICIOUS_MOVE = YES;
				CLANG_WARN_UNGUARDED_AVAILABILITY = YES_AGGRESSIVE;
				CLANG_WARN_UNREACHABLE_CODE = YES;
				CLANG_WARN__DUPLICATE_METHOD_MATCH = YES;
				COPY_PHASE_STRIP = NO;
				DEBUG_INFORMATION_FORMAT = dwarf;
				ENABLE_STRICT_OBJC_MSGSEND = YES;
				ENABLE_TESTABILITY = YES;
				GCC_C_LANGUAGE_STANDARD = gnu11;
				GCC_DYNAMIC_NO_PIC = NO;
				GCC_NO_COMMON_BLOCKS = YES;
				GCC_OPTIMIZATION_LEVEL = 0;
				GCC_PREPROCESSOR_DEFINITIONS = (
					"DEBUG=1",
					"$(inherited)",
				);
				GCC_WARN_64_TO_32_BIT_CONVERSION = YES;
				GCC_WARN_ABOUT_RETURN_TYPE = YES_ERROR;
				GCC_WARN_UNDECLARED_SELECTOR = YES;
				GCC_WARN_UNINITIALIZED_AUTOS = YES_AGGRESSIVE;
				GCC_WARN_UNUSED_FUNCTION = YES;
				GCC_WARN_UNUSED_VARIABLE = YES;
				IPHONEOS_DEPLOYMENT_TARGET = 16.4;
				MTL_ENABLE_DEBUG_INFO = INCLUDE_SOURCE;
				MTL_FAST_MATH = YES;
				ONLY_ACTIVE_ARCH = YES;
				SDKROOT = iphoneos;
				SWIFT_ACTIVE_COMPILATION_CONDITIONS = DEBUG;
				SWIFT_OPTIMIZATION_LEVEL = "-Onone";
			};
			name = Debug;
		};
		5BB3AA8A2ABEC49E0098E60F /* Release */ = {
			isa = XCBuildConfiguration;
			buildSettings = {
				ALWAYS_SEARCH_USER_PATHS = NO;
				CLANG_ANALYZER_NONNULL = YES;
				CLANG_ANALYZER_NUMBER_OBJECT_CONVERSION = YES_AGGRESSIVE;
				CLANG_CXX_LANGUAGE_STANDARD = "gnu++20";
				CLANG_ENABLE_MODULES = YES;
				CLANG_ENABLE_OBJC_ARC = YES;
				CLANG_ENABLE_OBJC_WEAK = YES;
				CLANG_WARN_BLOCK_CAPTURE_AUTORELEASING = YES;
				CLANG_WARN_BOOL_CONVERSION = YES;
				CLANG_WARN_COMMA = YES;
				CLANG_WARN_CONSTANT_CONVERSION = YES;
				CLANG_WARN_DEPRECATED_OBJC_IMPLEMENTATIONS = YES;
				CLANG_WARN_DIRECT_OBJC_ISA_USAGE = YES_ERROR;
				CLANG_WARN_DOCUMENTATION_COMMENTS = YES;
				CLANG_WARN_EMPTY_BODY = YES;
				CLANG_WARN_ENUM_CONVERSION = YES;
				CLANG_WARN_INFINITE_RECURSION = YES;
				CLANG_WARN_INT_CONVERSION = YES;
				CLANG_WARN_NON_LITERAL_NULL_CONVERSION = YES;
				CLANG_WARN_OBJC_IMPLICIT_RETAIN_SELF = YES;
				CLANG_WARN_OBJC_LITERAL_CONVERSION = YES;
				CLANG_WARN_OBJC_ROOT_CLASS = YES_ERROR;
				CLANG_WARN_QUOTED_INCLUDE_IN_FRAMEWORK_HEADER = YES;
				CLANG_WARN_RANGE_LOOP_ANALYSIS = YES;
				CLANG_WARN_STRICT_PROTOTYPES = YES;
				CLANG_WARN_SUSPICIOUS_MOVE = YES;
				CLANG_WARN_UNGUARDED_AVAILABILITY = YES_AGGRESSIVE;
				CLANG_WARN_UNREACHABLE_CODE = YES;
				CLANG_WARN__DUPLICATE_METHOD_MATCH = YES;
				COPY_PHASE_STRIP = NO;
				DEBUG_INFORMATION_FORMAT = "dwarf-with-dsym";
				ENABLE_NS_ASSERTIONS = NO;
				ENABLE_STRICT_OBJC_MSGSEND = YES;
				GCC_C_LANGUAGE_STANDARD = gnu11;
				GCC_NO_COMMON_BLOCKS = YES;
				GCC_WARN_64_TO_32_BIT_CONVERSION = YES;
				GCC_WARN_ABOUT_RETURN_TYPE = YES_ERROR;
				GCC_WARN_UNDECLARED_SELECTOR = YES;
				GCC_WARN_UNINITIALIZED_AUTOS = YES_AGGRESSIVE;
				GCC_WARN_UNUSED_FUNCTION = YES;
				GCC_WARN_UNUSED_VARIABLE = YES;
				IPHONEOS_DEPLOYMENT_TARGET = 16.4;
				MTL_ENABLE_DEBUG_INFO = NO;
				MTL_FAST_MATH = YES;
				SDKROOT = iphoneos;
				SWIFT_COMPILATION_MODE = wholemodule;
				SWIFT_OPTIMIZATION_LEVEL = "-O";
				VALIDATE_PRODUCT = YES;
			};
			name = Release;
		};
		5BB3AA8C2ABEC49E0098E60F /* Debug */ = {
			isa = XCBuildConfiguration;
			buildSettings = {
				ASSETCATALOG_COMPILER_APPICON_NAME = AppIcon;
				ASSETCATALOG_COMPILER_GLOBAL_ACCENT_COLOR_NAME = AccentColor;
				CODE_SIGN_STYLE = Automatic;
				CURRENT_PROJECT_VERSION = 1;
				DEVELOPMENT_ASSET_PATHS = "\"TempBox/Preview Content\"";
				DEVELOPMENT_TEAM = HG5RR9BKZR;
				ENABLE_PREVIEWS = YES;
				GENERATE_INFOPLIST_FILE = YES;
				INFOPLIST_KEY_UIApplicationSceneManifest_Generation = YES;
				INFOPLIST_KEY_UIApplicationSupportsIndirectInputEvents = YES;
				INFOPLIST_KEY_UILaunchScreen_Generation = YES;
				INFOPLIST_KEY_UISupportedInterfaceOrientations_iPad = "UIInterfaceOrientationPortrait UIInterfaceOrientationPortraitUpsideDown UIInterfaceOrientationLandscapeLeft UIInterfaceOrientationLandscapeRight";
				INFOPLIST_KEY_UISupportedInterfaceOrientations_iPhone = "UIInterfaceOrientationPortrait UIInterfaceOrientationLandscapeLeft UIInterfaceOrientationLandscapeRight";
				LD_RUNPATH_SEARCH_PATHS = (
					"$(inherited)",
					"@executable_path/Frameworks",
				);
				MARKETING_VERSION = 1.0;
				PRODUCT_BUNDLE_IDENTIFIER = com.rishi.TempBox;
				PRODUCT_NAME = "$(TARGET_NAME)";
				SWIFT_EMIT_LOC_STRINGS = YES;
				SWIFT_VERSION = 5.0;
				TARGETED_DEVICE_FAMILY = "1,2";
			};
			name = Debug;
		};
		5BB3AA8D2ABEC49E0098E60F /* Release */ = {
			isa = XCBuildConfiguration;
			buildSettings = {
				ASSETCATALOG_COMPILER_APPICON_NAME = AppIcon;
				ASSETCATALOG_COMPILER_GLOBAL_ACCENT_COLOR_NAME = AccentColor;
				CODE_SIGN_STYLE = Automatic;
				CURRENT_PROJECT_VERSION = 1;
				DEVELOPMENT_ASSET_PATHS = "\"TempBox/Preview Content\"";
				DEVELOPMENT_TEAM = HG5RR9BKZR;
				ENABLE_PREVIEWS = YES;
				GENERATE_INFOPLIST_FILE = YES;
				INFOPLIST_KEY_UIApplicationSceneManifest_Generation = YES;
				INFOPLIST_KEY_UIApplicationSupportsIndirectInputEvents = YES;
				INFOPLIST_KEY_UILaunchScreen_Generation = YES;
				INFOPLIST_KEY_UISupportedInterfaceOrientations_iPad = "UIInterfaceOrientationPortrait UIInterfaceOrientationPortraitUpsideDown UIInterfaceOrientationLandscapeLeft UIInterfaceOrientationLandscapeRight";
				INFOPLIST_KEY_UISupportedInterfaceOrientations_iPhone = "UIInterfaceOrientationPortrait UIInterfaceOrientationLandscapeLeft UIInterfaceOrientationLandscapeRight";
				LD_RUNPATH_SEARCH_PATHS = (
					"$(inherited)",
					"@executable_path/Frameworks",
				);
				MARKETING_VERSION = 1.0;
				PRODUCT_BUNDLE_IDENTIFIER = com.rishi.TempBox;
				PRODUCT_NAME = "$(TARGET_NAME)";
				SWIFT_EMIT_LOC_STRINGS = YES;
				SWIFT_VERSION = 5.0;
				TARGETED_DEVICE_FAMILY = "1,2";
			};
			name = Release;
		};
/* End XCBuildConfiguration section */

/* Begin XCConfigurationList section */
		5BB3AA782ABEC49D0098E60F /* Build configuration list for PBXProject "TempBox" */ = {
			isa = XCConfigurationList;
			buildConfigurations = (
				5BB3AA892ABEC49E0098E60F /* Debug */,
				5BB3AA8A2ABEC49E0098E60F /* Release */,
			);
			defaultConfigurationIsVisible = 0;
			defaultConfigurationName = Release;
		};
		5BB3AA8B2ABEC49E0098E60F /* Build configuration list for PBXNativeTarget "TempBox" */ = {
			isa = XCConfigurationList;
			buildConfigurations = (
				5BB3AA8C2ABEC49E0098E60F /* Debug */,
				5BB3AA8D2ABEC49E0098E60F /* Release */,
			);
			defaultConfigurationIsVisible = 0;
			defaultConfigurationName = Release;
		};
/* End XCConfigurationList section */

/* Begin XCRemoteSwiftPackageReference section */
		5BB3AAA32ABEC8AA0098E60F /* XCRemoteSwiftPackageReference "MailTMSwift" */ = {
			isa = XCRemoteSwiftPackageReference;
			repositoryURL = "https://github.com/devwaseem/MailTMSwift.git";
			requirement = {
				branch = main;
				kind = branch;
			};
		};
/* End XCRemoteSwiftPackageReference section */

/* Begin XCSwiftPackageProductDependency section */
		5BB3AAA42ABEC8AA0098E60F /* MailTMSwift */ = {
			isa = XCSwiftPackageProductDependency;
			package = 5BB3AAA32ABEC8AA0098E60F /* XCRemoteSwiftPackageReference "MailTMSwift" */;
			productName = MailTMSwift;
		};
/* End XCSwiftPackageProductDependency section */

/* Begin XCVersionGroup section */
		5BB3AA902ABEC4BC0098E60F /* TempBox.xcdatamodeld */ = {
			isa = XCVersionGroup;
			children = (
				5BB3AA912ABEC4BC0098E60F /* TempBox.xcdatamodel */,
			);
			currentVersion = 5BB3AA912ABEC4BC0098E60F /* TempBox.xcdatamodel */;
			path = TempBox.xcdatamodeld;
			sourceTree = "<group>";
			versionGroupType = wrapper.xcdatamodel;
		};
/* End XCVersionGroup section */
	};
	rootObject = 5BB3AA752ABEC49D0098E60F /* Project object */;
}
